
Microsoft Visual Studio Solution File, Format Version 12.00
# Visual Studio Version 17
VisualStudioVersion = 17.12.35521.163 d17.12
MinimumVisualStudioVersion = 10.0.40219.1
Project("{9A19103F-16F7-4668-BE54-9A1E7A4F7556}") = "Function", "AzureFunction\Function.csproj", "{1478654B-2942-4AE4-BECF-64126D22C1B6}"
EndProject
Project("{9A19103F-16F7-4668-BE54-9A1E7A4F7556}") = "Lights", "Core\Lights.csproj", "{590305D3-DFEC-47CC-A78E-A8A58BC50C7E}"
EndProject
Project("{FAE04EC0-301F-11D3-BF4B-00C04F79EFBC}") = "LightsExecutable", "Executable\LightsExecutable.csproj", "{2B53D227-C2EE-4929-BAAE-D435ED953CB4}"
EndProject
Project("{2150E333-8FDC-42A3-9474-1A3956D46DE8}") = "Solution Items", "Solution Items", "{1A0EE57D-BCED-45DB-9E5B-9B746EC2989B}"
	ProjectSection(SolutionItems) = preProject
		.github\workflows\main_cmlight.yml = .github\workflows\main_cmlight.yml
	EndProjectSection
EndProject
Global
	GlobalSection(SolutionConfigurationPlatforms) = preSolution
		Debug|Any CPU = Debug|Any CPU
		Release|Any CPU = Release|Any CPU
	EndGlobalSection
	GlobalSection(ProjectConfigurationPlatforms) = postSolution
		{1478654B-2942-4AE4-BECF-64126D22C1B6}.Debug|Any CPU.ActiveCfg = Debug|Any CPU
		{1478654B-2942-4AE4-BECF-64126D22C1B6}.Debug|Any CPU.Build.0 = Debug|Any CPU
		{1478654B-2942-4AE4-BECF-64126D22C1B6}.Release|Any CPU.ActiveCfg = Release|Any CPU
		{1478654B-2942-4AE4-BECF-64126D22C1B6}.Release|Any CPU.Build.0 = Release|Any CPU
		{590305D3-DFEC-47CC-A78E-A8A58BC50C7E}.Debug|Any CPU.ActiveCfg = Debug|Any CPU
		{590305D3-DFEC-47CC-A78E-A8A58BC50C7E}.Debug|Any CPU.Build.0 = Debug|Any CPU
		{590305D3-DFEC-47CC-A78E-A8A58BC50C7E}.Release|Any CPU.ActiveCfg = Release|Any CPU
		{590305D3-DFEC-47CC-A78E-A8A58BC50C7E}.Release|Any CPU.Build.0 = Release|Any CPU
		{2B53D227-C2EE-4929-BAAE-D435ED953CB4}.Debug|Any CPU.ActiveCfg = Debug|Any CPU
		{2B53D227-C2EE-4929-BAAE-D435ED953CB4}.Debug|Any CPU.Build.0 = Debug|Any CPU
		{2B53D227-C2EE-4929-BAAE-D435ED953CB4}.Release|Any CPU.ActiveCfg = Release|Any CPU
		{2B53D227-C2EE-4929-BAAE-D435ED953CB4}.Release|Any CPU.Build.0 = Release|Any CPU
	EndGlobalSection
	GlobalSection(SolutionProperties) = preSolution
		HideSolutionNode = FALSE
	EndGlobalSection
	GlobalSection(ExtensibilityGlobals) = postSolution
		SolutionGuid = {384EEF09-3E16-48D0-93D0-62D66E6B42B8}
	EndGlobalSection
EndGlobal
