
Microsoft Visual Studio Solution File, Format Version 12.00
# Visual Studio Version 16
VisualStudioVersion = 16.0.30907.101
MinimumVisualStudioVersion = 10.0.40219.1
Project("{9A19103F-16F7-4668-BE54-9A1E7A4F7556}") = "Lights", "Core\Lights.csproj", "{CF5CA95F-85B2-40D6-BC20-2853EFF4D134}"
EndProject
Global
	GlobalSection(SolutionConfigurationPlatforms) = preSolution
		Debug|Any CPU = Debug|Any CPU
		Release|Any CPU = Release|Any CPU
	EndGlobalSection
	GlobalSection(ProjectConfigurationPlatforms) = postSolution
		{CF5CA95F-85B2-40D6-BC20-2853EFF4D134}.Debug|Any CPU.ActiveCfg = Debug|Any CPU
		{CF5CA95F-85B2-40D6-BC20-2853EFF4D134}.Debug|Any CPU.Build.0 = Debug|Any CPU
		{CF5CA95F-85B2-40D6-BC20-2853EFF4D134}.Release|Any CPU.ActiveCfg = Release|Any CPU
		{CF5CA95F-85B2-40D6-BC20-2853EFF4D134}.Release|Any CPU.Build.0 = Release|Any CPU
	EndGlobalSection
	GlobalSection(SolutionProperties) = preSolution
		HideSolutionNode = FALSE
	EndGlobalSection
	GlobalSection(ExtensibilityGlobals) = postSolution
		SolutionGuid = {81B282A2-18F9-4C6C-AB43-498A04FABB52}
	EndGlobalSection
EndGlobal
